
Microsoft Visual Studio Solution File, Format Version 12.00
# Visual Studio 15
VisualStudioVersion = 15.0.27703.2000
MinimumVisualStudioVersion = 10.0.40219.1
Project("{FAE04EC0-301F-11D3-BF4B-00C04F79EFBC}") = "WindowsFormsXSLT", "WindowsFormsXSLT\WindowsFormsXSLT.csproj", "{5E1A35C0-3A24-4715-8D4D-FC6B9597D98C}"
EndProject
Global
	GlobalSection(SolutionConfigurationPlatforms) = preSolution
		Debug|Any CPU = Debug|Any CPU
		Release|Any CPU = Release|Any CPU
	EndGlobalSection
	GlobalSection(ProjectConfigurationPlatforms) = postSolution
		{5E1A35C0-3A24-4715-8D4D-FC6B9597D98C}.Debug|Any CPU.ActiveCfg = Debug|Any CPU
		{5E1A35C0-3A24-4715-8D4D-FC6B9597D98C}.Debug|Any CPU.Build.0 = Debug|Any CPU
		{5E1A35C0-3A24-4715-8D4D-FC6B9597D98C}.Release|Any CPU.ActiveCfg = Release|Any CPU
		{5E1A35C0-3A24-4715-8D4D-FC6B9597D98C}.Release|Any CPU.Build.0 = Release|Any CPU
	EndGlobalSection
	GlobalSection(SolutionProperties) = preSolution
		HideSolutionNode = FALSE
	EndGlobalSection
	GlobalSection(ExtensibilityGlobals) = postSolution
		SolutionGuid = {4A932E61-E076-41D6-8880-C0C361D7C376}
	EndGlobalSection
EndGlobal
